
Microsoft Visual Studio Solution File, Format Version 12.00
# Visual Studio Version 17
VisualStudioVersion = 17.0.31903.59
MinimumVisualStudioVersion = 10.0.40219.1
Project("{2150E333-8FDC-42A3-9474-1A3956D46DE8}") = "src", "src", "{827E0CD3-B72D-47B6-A68D-7590B98EB39B}"
EndProject
Project("{FAE04EC0-301F-11D3-BF4B-00C04F79EFBC}") = "PrintFlow.Domain", "src\PrintFlow.Domain\PrintFlow.Domain.csproj", "{BB3BD85B-B56B-4C23-8DBD-7FC00A06E16A}"
EndProject
Project("{FAE04EC0-301F-11D3-BF4B-00C04F79EFBC}") = "PrintFlow.Workflow", "src\PrintFlow.Workflow\PrintFlow.Workflow.csproj", "{74FB2FBC-F493-47E0-A28D-F04DE1D73394}"
EndProject
Project("{FAE04EC0-301F-11D3-BF4B-00C04F79EFBC}") = "PrintFlow.Infrastructure", "src\PrintFlow.Infrastructure\PrintFlow.Infrastructure.csproj", "{5EFD0142-63E7-4907-8BE7-E71D5765EECE}"
EndProject
Project("{FAE04EC0-301F-11D3-BF4B-00C04F79EFBC}") = "PrintFlow.App", "src\PrintFlow.App\PrintFlow.App.csproj", "{4106B5FA-88E1-43A2-9C0C-D6365DF59451}"
EndProject
Project("{2150E333-8FDC-42A3-9474-1A3956D46DE8}") = "tests", "tests", "{0AB3BF05-4346-4AA6-1389-037BE0695223}"
EndProject
Project("{FAE04EC0-301F-11D3-BF4B-00C04F79EFBC}") = "PrintFlow.Tests", "tests\PrintFlow.Tests\PrintFlow.Tests.csproj", "{1548CD36-9E35-47C5-9452-94E92B66CB79}"
EndProject
Global
	GlobalSection(SolutionConfigurationPlatforms) = preSolution
		Debug|Any CPU = Debug|Any CPU
		Debug|x64 = Debug|x64
		Debug|x86 = Debug|x86
		Release|Any CPU = Release|Any CPU
		Release|x64 = Release|x64
		Release|x86 = Release|x86
	EndGlobalSection
	GlobalSection(ProjectConfigurationPlatforms) = postSolution
		{BB3BD85B-B56B-4C23-8DBD-7FC00A06E16A}.Debug|Any CPU.ActiveCfg = Debug|Any CPU
		{BB3BD85B-B56B-4C23-8DBD-7FC00A06E16A}.Debug|Any CPU.Build.0 = Debug|Any CPU
		{BB3BD85B-B56B-4C23-8DBD-7FC00A06E16A}.Debug|x64.ActiveCfg = Debug|Any CPU
		{BB3BD85B-B56B-4C23-8DBD-7FC00A06E16A}.Debug|x64.Build.0 = Debug|Any CPU
		{BB3BD85B-B56B-4C23-8DBD-7FC00A06E16A}.Debug|x86.ActiveCfg = Debug|Any CPU
		{BB3BD85B-B56B-4C23-8DBD-7FC00A06E16A}.Debug|x86.Build.0 = Debug|Any CPU
		{BB3BD85B-B56B-4C23-8DBD-7FC00A06E16A}.Release|Any CPU.ActiveCfg = Release|Any CPU
		{BB3BD85B-B56B-4C23-8DBD-7FC00A06E16A}.Release|Any CPU.Build.0 = Release|Any CPU
		{BB3BD85B-B56B-4C23-8DBD-7FC00A06E16A}.Release|x64.ActiveCfg = Release|Any CPU
		{BB3BD85B-B56B-4C23-8DBD-7FC00A06E16A}.Release|x64.Build.0 = Release|Any CPU
		{BB3BD85B-B56B-4C23-8DBD-7FC00A06E16A}.Release|x86.ActiveCfg = Release|Any CPU
		{BB3BD85B-B56B-4C23-8DBD-7FC00A06E16A}.Release|x86.Build.0 = Release|Any CPU
		{74FB2FBC-F493-47E0-A28D-F04DE1D73394}.Debug|Any CPU.ActiveCfg = Debug|Any CPU
		{74FB2FBC-F493-47E0-A28D-F04DE1D73394}.Debug|Any CPU.Build.0 = Debug|Any CPU
		{74FB2FBC-F493-47E0-A28D-F04DE1D73394}.Debug|x64.ActiveCfg = Debug|Any CPU
		{74FB2FBC-F493-47E0-A28D-F04DE1D73394}.Debug|x64.Build.0 = Debug|Any CPU
		{74FB2FBC-F493-47E0-A28D-F04DE1D73394}.Debug|x86.ActiveCfg = Debug|Any CPU
		{74FB2FBC-F493-47E0-A28D-F04DE1D73394}.Debug|x86.Build.0 = Debug|Any CPU
		{74FB2FBC-F493-47E0-A28D-F04DE1D73394}.Release|Any CPU.ActiveCfg = Release|Any CPU
		{74FB2FBC-F493-47E0-A28D-F04DE1D73394}.Release|Any CPU.Build.0 = Release|Any CPU
		{74FB2FBC-F493-47E0-A28D-F04DE1D73394}.Release|x64.ActiveCfg = Release|Any CPU
		{74FB2FBC-F493-47E0-A28D-F04DE1D73394}.Release|x64.Build.0 = Release|Any CPU
		{74FB2FBC-F493-47E0-A28D-F04DE1D73394}.Release|x86.ActiveCfg = Release|Any CPU
		{74FB2FBC-F493-47E0-A28D-F04DE1D73394}.Release|x86.Build.0 = Release|Any CPU
		{5EFD0142-63E7-4907-8BE7-E71D5765EECE}.Debug|Any CPU.ActiveCfg = Debug|Any CPU
		{5EFD0142-63E7-4907-8BE7-E71D5765EECE}.Debug|Any CPU.Build.0 = Debug|Any CPU
		{5EFD0142-63E7-4907-8BE7-E71D5765EECE}.Debug|x64.ActiveCfg = Debug|Any CPU
		{5EFD0142-63E7-4907-8BE7-E71D5765EECE}.Debug|x64.Build.0 = Debug|Any CPU
		{5EFD0142-63E7-4907-8BE7-E71D5765EECE}.Debug|x86.ActiveCfg = Debug|Any CPU
		{5EFD0142-63E7-4907-8BE7-E71D5765EECE}.Debug|x86.Build.0 = Debug|Any CPU
		{5EFD0142-63E7-4907-8BE7-E71D5765EECE}.Release|Any CPU.ActiveCfg = Release|Any CPU
		{5EFD0142-63E7-4907-8BE7-E71D5765EECE}.Release|Any CPU.Build.0 = Release|Any CPU
		{5EFD0142-63E7-4907-8BE7-E71D5765EECE}.Release|x64.ActiveCfg = Release|Any CPU
		{5EFD0142-63E7-4907-8BE7-E71D5765EECE}.Release|x64.Build.0 = Release|Any CPU
		{5EFD0142-63E7-4907-8BE7-E71D5765EECE}.Release|x86.ActiveCfg = Release|Any CPU
		{5EFD0142-63E7-4907-8BE7-E71D5765EECE}.Release|x86.Build.0 = Release|Any CPU
		{4106B5FA-88E1-43A2-9C0C-D6365DF59451}.Debug|Any CPU.ActiveCfg = Debug|Any CPU
		{4106B5FA-88E1-43A2-9C0C-D6365DF59451}.Debug|Any CPU.Build.0 = Debug|Any CPU
		{4106B5FA-88E1-43A2-9C0C-D6365DF59451}.Debug|x64.ActiveCfg = Debug|Any CPU
		{4106B5FA-88E1-43A2-9C0C-D6365DF59451}.Debug|x64.Build.0 = Debug|Any CPU
		{4106B5FA-88E1-43A2-9C0C-D6365DF59451}.Debug|x86.ActiveCfg = Debug|Any CPU
		{4106B5FA-88E1-43A2-9C0C-D6365DF59451}.Debug|x86.Build.0 = Debug|Any CPU
		{4106B5FA-88E1-43A2-9C0C-D6365DF59451}.Release|Any CPU.ActiveCfg = Release|Any CPU
		{4106B5FA-88E1-43A2-9C0C-D6365DF59451}.Release|Any CPU.Build.0 = Release|Any CPU
		{4106B5FA-88E1-43A2-9C0C-D6365DF59451}.Release|x64.ActiveCfg = Release|Any CPU
		{4106B5FA-88E1-43A2-9C0C-D6365DF59451}.Release|x64.Build.0 = Release|Any CPU
		{4106B5FA-88E1-43A2-9C0C-D6365DF59451}.Release|x86.ActiveCfg = Release|Any CPU
		{4106B5FA-88E1-43A2-9C0C-D6365DF59451}.Release|x86.Build.0 = Release|Any CPU
		{1548CD36-9E35-47C5-9452-94E92B66CB79}.Debug|Any CPU.ActiveCfg = Debug|Any CPU
		{1548CD36-9E35-47C5-9452-94E92B66CB79}.Debug|Any CPU.Build.0 = Debug|Any CPU
		{1548CD36-9E35-47C5-9452-94E92B66CB79}.Debug|x64.ActiveCfg = Debug|Any CPU
		{1548CD36-9E35-47C5-9452-94E92B66CB79}.Debug|x64.Build.0 = Debug|Any CPU
		{1548CD36-9E35-47C5-9452-94E92B66CB79}.Debug|x86.ActiveCfg = Debug|Any CPU
		{1548CD36-9E35-47C5-9452-94E92B66CB79}.Debug|x86.Build.0 = Debug|Any CPU
		{1548CD36-9E35-47C5-9452-94E92B66CB79}.Release|Any CPU.ActiveCfg = Release|Any CPU
		{1548CD36-9E35-47C5-9452-94E92B66CB79}.Release|Any CPU.Build.0 = Release|Any CPU
		{1548CD36-9E35-47C5-9452-94E92B66CB79}.Release|x64.ActiveCfg = Release|Any CPU
		{1548CD36-9E35-47C5-9452-94E92B66CB79}.Release|x64.Build.0 = Release|Any CPU
		{1548CD36-9E35-47C5-9452-94E92B66CB79}.Release|x86.ActiveCfg = Release|Any CPU
		{1548CD36-9E35-47C5-9452-94E92B66CB79}.Release|x86.Build.0 = Release|Any CPU
	EndGlobalSection
	GlobalSection(SolutionProperties) = preSolution
		HideSolutionNode = FALSE
	EndGlobalSection
	GlobalSection(NestedProjects) = preSolution
		{BB3BD85B-B56B-4C23-8DBD-7FC00A06E16A} = {827E0CD3-B72D-47B6-A68D-7590B98EB39B}
		{74FB2FBC-F493-47E0-A28D-F04DE1D73394} = {827E0CD3-B72D-47B6-A68D-7590B98EB39B}
		{5EFD0142-63E7-4907-8BE7-E71D5765EECE} = {827E0CD3-B72D-47B6-A68D-7590B98EB39B}
		{4106B5FA-88E1-43A2-9C0C-D6365DF59451} = {827E0CD3-B72D-47B6-A68D-7590B98EB39B}
		{1548CD36-9E35-47C5-9452-94E92B66CB79} = {0AB3BF05-4346-4AA6-1389-037BE0695223}
	EndGlobalSection
EndGlobal
